// !$*UTF8*$!
{
	archiveVersion = 1;
	classes = {
	};
	objectVersion = 46;
	objects = {

/* Begin PBXFileReference section */
		0517886414BDE5CA00974841 /* Makefile */ = {isa = PBXFileReference; fileEncoding = 4; lastKnownFileType = sourcecode.make; path = Makefile; sourceTree = "<group>"; };
		0517886614BDE5CA00974841 /* main.cpp */ = {isa = PBXFileReference; fileEncoding = 4; lastKnownFileType = sourcecode.cpp.cpp; path = main.cpp; sourceTree = "<group>"; };
		0517886714BDE5CA00974841 /* Notification.cpp */ = {isa = PBXFileReference; fileEncoding = 4; lastKnownFileType = sourcecode.cpp.cpp; path = Notification.cpp; sourceTree = "<group>"; };
		0517886814BDE5CA00974841 /* Notification.h */ = {isa = PBXFileReference; fileEncoding = 4; lastKnownFileType = sourcecode.c.h; path = Notification.h; sourceTree = "<group>"; };
		0517886914BDE5CA00974841 /* NotificationCenter.cpp */ = {isa = PBXFileReference; fileEncoding = 4; lastKnownFileType = sourcecode.cpp.cpp; path = NotificationCenter.cpp; sourceTree = "<group>"; };
		0517886A14BDE5CA00974841 /* NotificationCenter.h */ = {isa = PBXFileReference; fileEncoding = 4; lastKnownFileType = sourcecode.c.h; path = NotificationCenter.h; sourceTree = "<group>"; };
		0517886B14BDE5CA00974841 /* Object.cpp */ = {isa = PBXFileReference; fileEncoding = 4; lastKnownFileType = sourcecode.cpp.cpp; path = Object.cpp; sourceTree = "<group>"; };
		0517886C14BDE5CA00974841 /* Object.h */ = {isa = PBXFileReference; fileEncoding = 4; lastKnownFileType = sourcecode.c.h; path = Object.h; sourceTree = "<group>"; };
		0517886D14BDE5CA00974841 /* Observer.cpp */ = {isa = PBXFileReference; fileEncoding = 4; lastKnownFileType = sourcecode.cpp.cpp; path = Observer.cpp; sourceTree = "<group>"; };
		0517886E14BDE5CA00974841 /* Observer.h */ = {isa = PBXFileReference; fileEncoding = 4; lastKnownFileType = sourcecode.c.h; path = Observer.h; sourceTree = "<group>"; };
		0517887014BE0E1B00974841 /* Lock.cpp */ = {isa = PBXFileReference; fileEncoding = 4; lastKnownFileType = sourcecode.cpp.cpp; path = Lock.cpp; sourceTree = "<group>"; };
		0517887114BE0E2600974841 /* Lock.h */ = {isa = PBXFileReference; fileEncoding = 4; lastKnownFileType = sourcecode.c.h; path = Lock.h; sourceTree = "<group>"; };
		0517887214BE152600974841 /* Exception.cpp */ = {isa = PBXFileReference; fileEncoding = 4; lastKnownFileType = sourcecode.cpp.cpp; path = Exception.cpp; sourceTree = "<group>"; };
		0517887314BE152600974841 /* Exception.h */ = {isa = PBXFileReference; fileEncoding = 4; lastKnownFileType = sourcecode.c.h; path = Exception.h; sourceTree = "<group>"; };
/* End PBXFileReference section */

/* Begin PBXGroup section */
		0517885414BDE37D00974841 = {
			isa = PBXGroup;
			children = (
				0517886414BDE5CA00974841 /* Makefile */,
				0517886514BDE5CA00974841 /* src */,
			);
			sourceTree = "<group>";
		};
		0517886514BDE5CA00974841 /* src */ = {
			isa = PBXGroup;
			children = (
				0517887214BE152600974841 /* Exception.cpp */,
				0517887314BE152600974841 /* Exception.h */,
				0517886614BDE5CA00974841 /* main.cpp */,
				0517886714BDE5CA00974841 /* Notification.cpp */,
				0517886814BDE5CA00974841 /* Notification.h */,
				0517886914BDE5CA00974841 /* NotificationCenter.cpp */,
				0517886A14BDE5CA00974841 /* NotificationCenter.h */,
				0517886B14BDE5CA00974841 /* Object.cpp */,
				0517886C14BDE5CA00974841 /* Object.h */,
				0517886D14BDE5CA00974841 /* Observer.cpp */,
				0517886E14BDE5CA00974841 /* Observer.h */,
				0517887014BE0E1B00974841 /* Lock.cpp */,
				0517887114BE0E2600974841 /* Lock.h */,
			);
			path = src;
			sourceTree = "<group>";
		};
/* End PBXGroup section */

/* Begin PBXLegacyTarget section */
		0517885B14BDE37D00974841 /* Notifications */ = {
			isa = PBXLegacyTarget;
			buildArgumentsString = "$(ACTION)";
			buildConfigurationList = 0517885E14BDE37D00974841 /* Build configuration list for PBXLegacyTarget "Notifications" */;
			buildPhases = (
			);
			buildToolPath = /usr/bin/make;
			dependencies = (
			);
			name = Notifications;
			passBuildSettingsInEnvironment = 1;
			productName = Notifications;
		};
/* End PBXLegacyTarget section */

/* Begin PBXProject section */
		0517885614BDE37D00974841 /* Project object */ = {
			isa = PBXProject;
			attributes = {
				LastUpgradeCheck = 0420;
				ORGANIZATIONNAME = DigiDNA;
			};
			buildConfigurationList = 0517885914BDE37D00974841 /* Build configuration list for PBXProject "Notifications" */;
			compatibilityVersion = "Xcode 3.2";
			developmentRegion = English;
			hasScannedForEncodings = 0;
			knownRegions = (
				en,
			);
			mainGroup = 0517885414BDE37D00974841;
			projectDirPath = "";
			projectRoot = "";
			targets = (
				0517885B14BDE37D00974841 /* Notifications */,
			);
		};
/* End PBXProject section */

/* Begin XCBuildConfiguration section */
		0517885C14BDE37D00974841 /* Debug */ = {
			isa = XCBuildConfiguration;
			buildSettings = {
				ALWAYS_SEARCH_USER_PATHS = NO;
				ARCHS = "$(ARCHS_STANDARD_64_BIT)";
				COPY_PHASE_STRIP = NO;
				GCC_C_LANGUAGE_STANDARD = gnu99;
				GCC_DYNAMIC_NO_PIC = NO;
				GCC_ENABLE_OBJC_EXCEPTIONS = YES;
				GCC_OPTIMIZATION_LEVEL = 0;
				GCC_PREPROCESSOR_DEFINITIONS = (
					"DEBUG=1",
					"$(inherited)",
				);
				GCC_SYMBOLS_PRIVATE_EXTERN = NO;
				GCC_VERSION = com.apple.compilers.llvm.clang.1_0;
				GCC_WARN_64_TO_32_BIT_CONVERSION = YES;
				GCC_WARN_ABOUT_MISSING_PROTOTYPES = YES;
				GCC_WARN_ABOUT_RETURN_TYPE = YES;
				GCC_WARN_UNUSED_VARIABLE = YES;
				MACOSX_DEPLOYMENT_TARGET = 10.7;
				ONLY_ACTIVE_ARCH = YES;
				SDKROOT = macosx;
			};
			name = Debug;
		};
		0517885D14BDE37D00974841 /* Release */ = {
			isa = XCBuildConfiguration;
			buildSettings = {
				ALWAYS_SEARCH_USER_PATHS = NO;
				ARCHS = "$(ARCHS_STANDARD_64_BIT)";
				COPY_PHASE_STRIP = YES;
				DEBUG_INFORMATION_FORMAT = "dwarf-with-dsym";
				GCC_C_LANGUAGE_STANDARD = gnu99;
				GCC_ENABLE_OBJC_EXCEPTIONS = YES;
				GCC_VERSION = com.apple.compilers.llvm.clang.1_0;
				GCC_WARN_64_TO_32_BIT_CONVERSION = YES;
				GCC_WARN_ABOUT_MISSING_PROTOTYPES = YES;
				GCC_WARN_ABOUT_RETURN_TYPE = YES;
				GCC_WARN_UNUSED_VARIABLE = YES;
				MACOSX_DEPLOYMENT_TARGET = 10.7;
				SDKROOT = macosx;
			};
			name = Release;
		};
		0517885F14BDE37D00974841 /* Debug */ = {
			isa = XCBuildConfiguration;
			buildSettings = {
				DEBUGGING_SYMBOLS = YES;
				GCC_GENERATE_DEBUGGING_SYMBOLS = YES;
				GCC_OPTIMIZATION_LEVEL = 0;
				OTHER_CFLAGS = "";
				OTHER_LDFLAGS = "";
				PRODUCT_NAME = "$(TARGET_NAME)";
			};
			name = Debug;
		};
		0517886014BDE37D00974841 /* Release */ = {
			isa = XCBuildConfiguration;
			buildSettings = {
				OTHER_CFLAGS = "";
				OTHER_LDFLAGS = "";
				PRODUCT_NAME = "$(TARGET_NAME)";
			};
			name = Release;
		};
/* End XCBuildConfiguration section */

/* Begin XCConfigurationList section */
		0517885914BDE37D00974841 /* Build configuration list for PBXProject "Notifications" */ = {
			isa = XCConfigurationList;
			buildConfigurations = (
				0517885C14BDE37D00974841 /* Debug */,
				0517885D14BDE37D00974841 /* Release */,
			);
			defaultConfigurationIsVisible = 0;
			defaultConfigurationName = Release;
		};
		0517885E14BDE37D00974841 /* Build configuration list for PBXLegacyTarget "Notifications" */ = {
			isa = XCConfigurationList;
			buildConfigurations = (
				0517885F14BDE37D00974841 /* Debug */,
				0517886014BDE37D00974841 /* Release */,
			);
			defaultConfigurationIsVisible = 0;
			defaultConfigurationName = Release;
		};
/* End XCConfigurationList section */
	};
	rootObject = 0517885614BDE37D00974841 /* Project object */;
}
